
Microsoft Visual Studio Solution File, Format Version 12.00
# Visual Studio 15
VisualStudioVersion = 15.0.27703.2018
MinimumVisualStudioVersion = 10.0.40219.1
Project("{8BC9CEB8-8B4A-11D0-8D11-00A0C91BC942}") = "OpenGL", "OpenGL.vcxproj", "{384FFFC8-7BCC-4181-8AD5-83B368646254}"
EndProject
Global
	GlobalSection(SolutionConfigurationPlatforms) = preSolution
		Debug|Win32 = Debug|Win32
		Release|Win32 = Release|Win32
	EndGlobalSection
	GlobalSection(ProjectConfigurationPlatforms) = postSolution
		{384FFFC8-7BCC-4181-8AD5-83B368646254}.Debug|Win32.ActiveCfg = Debug|Win32
		{384FFFC8-7BCC-4181-8AD5-83B368646254}.Debug|Win32.Build.0 = Debug|Win32
		{384FFFC8-7BCC-4181-8AD5-83B368646254}.Release|Win32.ActiveCfg = Release|Win32
		{384FFFC8-7BCC-4181-8AD5-83B368646254}.Release|Win32.Build.0 = Release|Win32
	EndGlobalSection
	GlobalSection(SolutionProperties) = preSolution
		HideSolutionNode = FALSE
	EndGlobalSection
	GlobalSection(ExtensibilityGlobals) = postSolution
		SolutionGuid = {38296D6E-78BD-49C4-B9EA-6EC027B47CC1}
	EndGlobalSection
EndGlobal
